schema: '2.0'
stages:
  data_ingestion:
    cmd: python src/cnnClassifier/pipeline/stage_01_data_ingestion.py
    deps:
    - path: config/config.yaml
      hash: md5
      md5: d6a59d48c7f5c604619571b20887eff0
      size: 816
    - path: src/cnnClassifier/pipeline/stage_01_data_ingestion.py
      hash: md5
      md5: 7d2198c3c853f3dd0ab1a60cdc3c508a
      size: 912
    outs:
    - path: artifacts/data_ingestion/Chicken-fecal-images
      hash: md5
      md5: 9e1f8dd2eae3c29e9d635df89d438ae4.dir
      size: 12207807
      nfiles: 390
  prepare_base_model:
    cmd: python src/cnnClassifier/pipeline/stage_02_prepare_base_model.py
    deps:
    - path: config/config.yaml
      hash: md5
      md5: d6a59d48c7f5c604619571b20887eff0
      size: 816
    - path: src/cnnClassifier/pipeline/stage_02_prepare_base_model.py
      hash: md5
      md5: c25173d1cfe9e77e0980d29af5ed627a
      size: 1001
    params:
      params.yaml:
        CLASSES: 2
        IMAGE_SIZE:
        - 224
        - 224
        - 3
        INCLUDE_TOP: false
        LEARNING_RATE: 0.01
        WEIGHTS: imagenet
    outs:
    - path: artifacts/prepare_base_model
      hash: md5
      md5: 3a4ba7da747733542743c0fabfe70824.dir
      size: 118073528
      nfiles: 2
  training:
    cmd: python src/cnnClassifier/pipeline/stage_03_training.py
    deps:
    - path: artifacts/data_ingestion/Chicken-fecal-images
      hash: md5
      md5: 9e1f8dd2eae3c29e9d635df89d438ae4.dir
      size: 12207807
      nfiles: 390
    - path: artifacts/prepare_base_model
      hash: md5
      md5: 3a4ba7da747733542743c0fabfe70824.dir
      size: 118073528
      nfiles: 2
    - path: config/config.yaml
      hash: md5
      md5: d6a59d48c7f5c604619571b20887eff0
      size: 816
    - path: src/cnnClassifier/conponents/prepare_callback.py
      hash: md5
      md5: df047e424075dcab9aec144951712130
      size: 1006
    - path: src/cnnClassifier/pipeline/stage_03_training.py
      hash: md5
      md5: 1e08a52b10d12b3c942e41cda2c58c69
      size: 1265
    params:
      params.yaml:
        AUGMENTATION: true
        BATCH_SIZE: 16
        EPOCHS: 1
        IMAGE_SIZE:
        - 224
        - 224
        - 3
    outs:
    - path: artifacts/training/model.h5
      hash: md5
      md5: 5f0ac990385b65e618d75a46eae2ed20
      size: 177289768
  evaluation:
    cmd: python src/cnnClassifier/pipeline/stage_04_evaluation.py
    deps:
    - path: artifacts/data_ingestion/Chicken-fecal-images
      hash: md5
      md5: 9e1f8dd2eae3c29e9d635df89d438ae4.dir
      size: 12207807
      nfiles: 390
    - path: artifacts/training/model.h5
      hash: md5
      md5: 5f0ac990385b65e618d75a46eae2ed20
      size: 177289768
    - path: config/config.yaml
      hash: md5
      md5: d6a59d48c7f5c604619571b20887eff0
      size: 816
    - path: src/cnnClassifier/pipeline/stage_04_evaluation.py
      hash: md5
      md5: 8694ca9e5f3579fa07ff64aeeb51ba5e
      size: 883
    params:
      params.yaml:
        BATCH_SIZE: 16
        IMAGE_SIZE:
        - 224
        - 224
        - 3
    outs:
    - path: scores.json
      hash: md5
      md5: 6cfa67222834d5af52712f0b8e77b7da
      size: 73
